{
  "name": "Random Password Generator",
  "lockfileVersion": 3,
  "requires": true,
  "packages": {
    "": {
      "dependencies": {
        "random-passwords-generator": "^1.0.5"
      }
    },
    "node_modules/random-passwords-generator": {
      "version": "1.0.5",
      "resolved": "https://registry.npmjs.org/random-passwords-generator/-/random-passwords-generator-1.0.5.tgz",
      "integrity": "sha512-rLANHq230F9p+ceQcHb0CiZY/THB8Qxm5npmAGZtOkT2eOFotrQNyzpSo3qngaUfx5fuym6PDjuMWetzBUMmdw=="
    }
  }
}
